
Microsoft Visual Studio Solution File, Format Version 12.00
# Visual Studio 15
VisualStudioVersion = 15.0.27703.2035
MinimumVisualStudioVersion = 10.0.40219.1
Project("{FAE04EC0-301F-11D3-BF4B-00C04F79EFBC}") = "EvenOrOdd", "EvenOrOdd\EvenOrOdd.csproj", "{90FC2E9C-0A55-4954-80A9-824FDB43654E}"
EndProject
Global
	GlobalSection(SolutionConfigurationPlatforms) = preSolution
		Debug|Any CPU = Debug|Any CPU
		Release|Any CPU = Release|Any CPU
	EndGlobalSection
	GlobalSection(ProjectConfigurationPlatforms) = postSolution
		{90FC2E9C-0A55-4954-80A9-824FDB43654E}.Debug|Any CPU.ActiveCfg = Debug|Any CPU
		{90FC2E9C-0A55-4954-80A9-824FDB43654E}.Debug|Any CPU.Build.0 = Debug|Any CPU
		{90FC2E9C-0A55-4954-80A9-824FDB43654E}.Release|Any CPU.ActiveCfg = Release|Any CPU
		{90FC2E9C-0A55-4954-80A9-824FDB43654E}.Release|Any CPU.Build.0 = Release|Any CPU
	EndGlobalSection
	GlobalSection(SolutionProperties) = preSolution
		HideSolutionNode = FALSE
	EndGlobalSection
	GlobalSection(ExtensibilityGlobals) = postSolution
		SolutionGuid = {B00E99C9-1443-4340-B3AB-F7CDEE8F7E0E}
	EndGlobalSection
EndGlobal
