
Microsoft Visual Studio Solution File, Format Version 12.00
# Visual Studio 15
VisualStudioVersion = 15.0.27703.2035
MinimumVisualStudioVersion = 10.0.40219.1
Project("{FAE04EC0-301F-11D3-BF4B-00C04F79EFBC}") = "Hurricane", "Hurricane\Hurricane.csproj", "{A493BC61-B38E-4931-A0E0-C03B44DF6CBA}"
EndProject
Global
	GlobalSection(SolutionConfigurationPlatforms) = preSolution
		Debug|Any CPU = Debug|Any CPU
		Release|Any CPU = Release|Any CPU
	EndGlobalSection
	GlobalSection(ProjectConfigurationPlatforms) = postSolution
		{A493BC61-B38E-4931-A0E0-C03B44DF6CBA}.Debug|Any CPU.ActiveCfg = Debug|Any CPU
		{A493BC61-B38E-4931-A0E0-C03B44DF6CBA}.Debug|Any CPU.Build.0 = Debug|Any CPU
		{A493BC61-B38E-4931-A0E0-C03B44DF6CBA}.Release|Any CPU.ActiveCfg = Release|Any CPU
		{A493BC61-B38E-4931-A0E0-C03B44DF6CBA}.Release|Any CPU.Build.0 = Release|Any CPU
	EndGlobalSection
	GlobalSection(SolutionProperties) = preSolution
		HideSolutionNode = FALSE
	EndGlobalSection
	GlobalSection(ExtensibilityGlobals) = postSolution
		SolutionGuid = {73D362D0-A561-4DEA-8AF9-6119E2563FB2}
	EndGlobalSection
EndGlobal
