
Microsoft Visual Studio Solution File, Format Version 12.00
# Visual Studio 15
VisualStudioVersion = 15.0.27703.2035
MinimumVisualStudioVersion = 10.0.40219.1
Project("{FAE04EC0-301F-11D3-BF4B-00C04F79EFBC}") = "RPS", "RPS\RPS.csproj", "{DA09C012-9864-4287-AD7B-33603DF46EE8}"
EndProject
Global
	GlobalSection(SolutionConfigurationPlatforms) = preSolution
		Debug|Any CPU = Debug|Any CPU
		Release|Any CPU = Release|Any CPU
	EndGlobalSection
	GlobalSection(ProjectConfigurationPlatforms) = postSolution
		{DA09C012-9864-4287-AD7B-33603DF46EE8}.Debug|Any CPU.ActiveCfg = Debug|Any CPU
		{DA09C012-9864-4287-AD7B-33603DF46EE8}.Debug|Any CPU.Build.0 = Debug|Any CPU
		{DA09C012-9864-4287-AD7B-33603DF46EE8}.Release|Any CPU.ActiveCfg = Release|Any CPU
		{DA09C012-9864-4287-AD7B-33603DF46EE8}.Release|Any CPU.Build.0 = Release|Any CPU
	EndGlobalSection
	GlobalSection(SolutionProperties) = preSolution
		HideSolutionNode = FALSE
	EndGlobalSection
	GlobalSection(ExtensibilityGlobals) = postSolution
		SolutionGuid = {FEA24B60-13F4-42DE-815F-DBA0011F465A}
	EndGlobalSection
EndGlobal
